
Microsoft Visual Studio Solution File, Format Version 12.00
# Visual Studio Version 17
VisualStudioVersion = 17.2.32616.157
MinimumVisualStudioVersion = 10.0.40219.1
Project("{FAE04EC0-301F-11D3-BF4B-00C04F79EFBC}") = "Построение графа", "WindowsFormsApp3\Построение графа.csproj", "{73410F51-B63C-4B5E-865C-0DF1452B9C3B}"
EndProject
Global
	GlobalSection(SolutionConfigurationPlatforms) = preSolution
		Debug|Any CPU = Debug|Any CPU
		Release|Any CPU = Release|Any CPU
	EndGlobalSection
	GlobalSection(ProjectConfigurationPlatforms) = postSolution
		{73410F51-B63C-4B5E-865C-0DF1452B9C3B}.Debug|Any CPU.ActiveCfg = Debug|Any CPU
		{73410F51-B63C-4B5E-865C-0DF1452B9C3B}.Debug|Any CPU.Build.0 = Debug|Any CPU
		{73410F51-B63C-4B5E-865C-0DF1452B9C3B}.Release|Any CPU.ActiveCfg = Release|Any CPU
		{73410F51-B63C-4B5E-865C-0DF1452B9C3B}.Release|Any CPU.Build.0 = Release|Any CPU
	EndGlobalSection
	GlobalSection(SolutionProperties) = preSolution
		HideSolutionNode = FALSE
	EndGlobalSection
	GlobalSection(ExtensibilityGlobals) = postSolution
		SolutionGuid = {17143641-9078-45F1-BA50-C2010B7FD2A8}
	EndGlobalSection
EndGlobal
