
Microsoft Visual Studio Solution File, Format Version 12.00
# Visual Studio Version 17
VisualStudioVersion = 17.2.32519.379
MinimumVisualStudioVersion = 10.0.40219.1
Project("{FAE04EC0-301F-11D3-BF4B-00C04F79EFBC}") = "Linear_Diophantus_equation_v2", "Linear_Diophantus_equation_v2.csproj", "{75C73929-3720-469A-B8FC-16E44FC01CEA}"
EndProject
Global
	GlobalSection(SolutionConfigurationPlatforms) = preSolution
		Debug|Any CPU = Debug|Any CPU
		Release|Any CPU = Release|Any CPU
	EndGlobalSection
	GlobalSection(ProjectConfigurationPlatforms) = postSolution
		{75C73929-3720-469A-B8FC-16E44FC01CEA}.Debug|Any CPU.ActiveCfg = Debug|Any CPU
		{75C73929-3720-469A-B8FC-16E44FC01CEA}.Debug|Any CPU.Build.0 = Debug|Any CPU
		{75C73929-3720-469A-B8FC-16E44FC01CEA}.Release|Any CPU.ActiveCfg = Release|Any CPU
		{75C73929-3720-469A-B8FC-16E44FC01CEA}.Release|Any CPU.Build.0 = Release|Any CPU
	EndGlobalSection
	GlobalSection(SolutionProperties) = preSolution
		HideSolutionNode = FALSE
	EndGlobalSection
	GlobalSection(ExtensibilityGlobals) = postSolution
		SolutionGuid = {60109B92-34E2-43EB-9797-50977ECF40AA}
	EndGlobalSection
EndGlobal
